
Microsoft Visual Studio Solution File, Format Version 12.00
# Visual Studio Version 16
VisualStudioVersion = 16.0.31613.86
MinimumVisualStudioVersion = 10.0.40219.1
Project("{FAE04EC0-301F-11D3-BF4B-00C04F79EFBC}") = "Frågesport", "Frågesport\Frågesport.csproj", "{F747B3DD-C20A-472C-9778-458F463087B9}"
EndProject
Global
	GlobalSection(SolutionConfigurationPlatforms) = preSolution
		Debug|Any CPU = Debug|Any CPU
		Release|Any CPU = Release|Any CPU
	EndGlobalSection
	GlobalSection(ProjectConfigurationPlatforms) = postSolution
		{F747B3DD-C20A-472C-9778-458F463087B9}.Debug|Any CPU.ActiveCfg = Debug|Any CPU
		{F747B3DD-C20A-472C-9778-458F463087B9}.Debug|Any CPU.Build.0 = Debug|Any CPU
		{F747B3DD-C20A-472C-9778-458F463087B9}.Release|Any CPU.ActiveCfg = Release|Any CPU
		{F747B3DD-C20A-472C-9778-458F463087B9}.Release|Any CPU.Build.0 = Release|Any CPU
	EndGlobalSection
	GlobalSection(SolutionProperties) = preSolution
		HideSolutionNode = FALSE
	EndGlobalSection
	GlobalSection(ExtensibilityGlobals) = postSolution
		SolutionGuid = {5D58963D-3A30-4420-99E3-A2028D2D9166}
	EndGlobalSection
EndGlobal
