
Microsoft Visual Studio Solution File, Format Version 12.00
# Visual Studio Version 16
VisualStudioVersion = 16.0.31613.86
MinimumVisualStudioVersion = 10.0.40219.1
Project("{FAE04EC0-301F-11D3-BF4B-00C04F79EFBC}") = "TrackerLibrary", "TrackerLibrary\TrackerLibrary.csproj", "{2FD87F0E-0933-4BC3-9B71-E06F6323D591}"
EndProject
Project("{FAE04EC0-301F-11D3-BF4B-00C04F79EFBC}") = "TrackerUI", "TrackerUI\TrackerUI.csproj", "{F781D603-DFEC-43B8-AE60-CC79AE43DA24}"
EndProject
Global
	GlobalSection(SolutionConfigurationPlatforms) = preSolution
		Debug|Any CPU = Debug|Any CPU
		Release|Any CPU = Release|Any CPU
	EndGlobalSection
	GlobalSection(ProjectConfigurationPlatforms) = postSolution
		{2FD87F0E-0933-4BC3-9B71-E06F6323D591}.Debug|Any CPU.ActiveCfg = Debug|Any CPU
		{2FD87F0E-0933-4BC3-9B71-E06F6323D591}.Debug|Any CPU.Build.0 = Debug|Any CPU
		{2FD87F0E-0933-4BC3-9B71-E06F6323D591}.Release|Any CPU.ActiveCfg = Release|Any CPU
		{2FD87F0E-0933-4BC3-9B71-E06F6323D591}.Release|Any CPU.Build.0 = Release|Any CPU
		{F781D603-DFEC-43B8-AE60-CC79AE43DA24}.Debug|Any CPU.ActiveCfg = Debug|Any CPU
		{F781D603-DFEC-43B8-AE60-CC79AE43DA24}.Debug|Any CPU.Build.0 = Debug|Any CPU
		{F781D603-DFEC-43B8-AE60-CC79AE43DA24}.Release|Any CPU.ActiveCfg = Release|Any CPU
		{F781D603-DFEC-43B8-AE60-CC79AE43DA24}.Release|Any CPU.Build.0 = Release|Any CPU
	EndGlobalSection
	GlobalSection(SolutionProperties) = preSolution
		HideSolutionNode = FALSE
	EndGlobalSection
	GlobalSection(ExtensibilityGlobals) = postSolution
		SolutionGuid = {1A6B5BBB-F9A5-4F35-8337-E6373491A207}
	EndGlobalSection
EndGlobal
